// !$*UTF8*$!
{
	archiveVersion = 1;
	classes = {
	};
	objectVersion = 46;
	objects = {

/* Begin PBXBuildFile section */
		545C34FF16F26418006D9C69 /* UIKit.framework in Frameworks */ = {isa = PBXBuildFile; fileRef = 545C34FE16F26418006D9C69 /* UIKit.framework */; };
		545C350116F26418006D9C69 /* Foundation.framework in Frameworks */ = {isa = PBXBuildFile; fileRef = 545C350016F26418006D9C69 /* Foundation.framework */; };
		545C350316F26418006D9C69 /* CoreGraphics.framework in Frameworks */ = {isa = PBXBuildFile; fileRef = 545C350216F26418006D9C69 /* CoreGraphics.framework */; };
		545C350916F26418006D9C69 /* InfoPlist.strings in Resources */ = {isa = PBXBuildFile; fileRef = 545C350716F26418006D9C69 /* InfoPlist.strings */; };
		545C350B16F26418006D9C69 /* main.m in Sources */ = {isa = PBXBuildFile; fileRef = 545C350A16F26418006D9C69 /* main.m */; };
		545C350F16F26418006D9C69 /* AppDelegate.m in Sources */ = {isa = PBXBuildFile; fileRef = 545C350E16F26418006D9C69 /* AppDelegate.m */; };
		545C351116F26418006D9C69 /* Default.png in Resources */ = {isa = PBXBuildFile; fileRef = 545C351016F26418006D9C69 /* Default.png */; };
		545C351316F26418006D9C69 /* Default@2x.png in Resources */ = {isa = PBXBuildFile; fileRef = 545C351216F26418006D9C69 /* Default@2x.png */; };
		545C351516F26418006D9C69 /* Default-568h@2x.png in Resources */ = {isa = PBXBuildFile; fileRef = 545C351416F26418006D9C69 /* Default-568h@2x.png */; };
		545C351D16F26418006D9C69 /* SenTestingKit.framework in Frameworks */ = {isa = PBXBuildFile; fileRef = 545C351C16F26418006D9C69 /* SenTestingKit.framework */; };
		545C351E16F26418006D9C69 /* UIKit.framework in Frameworks */ = {isa = PBXBuildFile; fileRef = 545C34FE16F26418006D9C69 /* UIKit.framework */; };
		545C351F16F26418006D9C69 /* Foundation.framework in Frameworks */ = {isa = PBXBuildFile; fileRef = 545C350016F26418006D9C69 /* Foundation.framework */; };
		545C352716F26418006D9C69 /* InfoPlist.strings in Resources */ = {isa = PBXBuildFile; fileRef = 545C352516F26418006D9C69 /* InfoPlist.strings */; };
		545C352A16F26418006D9C69 /* CordovaAjaxTestTests.m in Sources */ = {isa = PBXBuildFile; fileRef = 545C352916F26418006D9C69 /* CordovaAjaxTestTests.m */; };
/* End PBXBuildFile section */

/* Begin PBXContainerItemProxy section */
		545C352016F26418006D9C69 /* PBXContainerItemProxy */ = {
			isa = PBXContainerItemProxy;
			containerPortal = 545C34F316F26418006D9C69 /* Project object */;
			proxyType = 1;
			remoteGlobalIDString = 545C34FA16F26418006D9C69;
			remoteInfo = CordovaAjaxTest;
		};
/* End PBXContainerItemProxy section */

/* Begin PBXFileReference section */
		545C34FB16F26418006D9C69 /* CordovaAjaxTest.app */ = {isa = PBXFileReference; explicitFileType = wrapper.application; includeInIndex = 0; path = CordovaAjaxTest.app; sourceTree = BUILT_PRODUCTS_DIR; };
		545C34FE16F26418006D9C69 /* UIKit.framework */ = {isa = PBXFileReference; lastKnownFileType = wrapper.framework; name = UIKit.framework; path = System/Library/Frameworks/UIKit.framework; sourceTree = SDKROOT; };
		545C350016F26418006D9C69 /* Foundation.framework */ = {isa = PBXFileReference; lastKnownFileType = wrapper.framework; name = Foundation.framework; path = System/Library/Frameworks/Foundation.framework; sourceTree = SDKROOT; };
		545C350216F26418006D9C69 /* CoreGraphics.framework */ = {isa = PBXFileReference; lastKnownFileType = wrapper.framework; name = CoreGraphics.framework; path = System/Library/Frameworks/CoreGraphics.framework; sourceTree = SDKROOT; };
		545C350616F26418006D9C69 /* CordovaAjaxTest-Info.plist */ = {isa = PBXFileReference; lastKnownFileType = text.plist.xml; path = "CordovaAjaxTest-Info.plist"; sourceTree = "<group>"; };
		545C350816F26418006D9C69 /* en */ = {isa = PBXFileReference; lastKnownFileType = text.plist.strings; name = en; path = en.lproj/InfoPlist.strings; sourceTree = "<group>"; };
		545C350A16F26418006D9C69 /* main.m */ = {isa = PBXFileReference; lastKnownFileType = sourcecode.c.objc; path = main.m; sourceTree = "<group>"; };
		545C350C16F26418006D9C69 /* CordovaAjaxTest-Prefix.pch */ = {isa = PBXFileReference; lastKnownFileType = sourcecode.c.h; path = "CordovaAjaxTest-Prefix.pch"; sourceTree = "<group>"; };
		545C350D16F26418006D9C69 /* AppDelegate.h */ = {isa = PBXFileReference; lastKnownFileType = sourcecode.c.h; path = AppDelegate.h; sourceTree = "<group>"; };
		545C350E16F26418006D9C69 /* AppDelegate.m */ = {isa = PBXFileReference; lastKnownFileType = sourcecode.c.objc; path = AppDelegate.m; sourceTree = "<group>"; };
		545C351016F26418006D9C69 /* Default.png */ = {isa = PBXFileReference; lastKnownFileType = image.png; path = Default.png; sourceTree = "<group>"; };
		545C351216F26418006D9C69 /* Default@2x.png */ = {isa = PBXFileReference; lastKnownFileType = image.png; path = "Default@2x.png"; sourceTree = "<group>"; };
		545C351416F26418006D9C69 /* Default-568h@2x.png */ = {isa = PBXFileReference; lastKnownFileType = image.png; path = "Default-568h@2x.png"; sourceTree = "<group>"; };
		545C351B16F26418006D9C69 /* CordovaAjaxTestTests.octest */ = {isa = PBXFileReference; explicitFileType = wrapper.cfbundle; includeInIndex = 0; path = CordovaAjaxTestTests.octest; sourceTree = BUILT_PRODUCTS_DIR; };
		545C351C16F26418006D9C69 /* SenTestingKit.framework */ = {isa = PBXFileReference; lastKnownFileType = wrapper.framework; name = SenTestingKit.framework; path = Library/Frameworks/SenTestingKit.framework; sourceTree = DEVELOPER_DIR; };
		545C352416F26418006D9C69 /* CordovaAjaxTestTests-Info.plist */ = {isa = PBXFileReference; lastKnownFileType = text.plist.xml; path = "CordovaAjaxTestTests-Info.plist"; sourceTree = "<group>"; };
		545C352616F26418006D9C69 /* en */ = {isa = PBXFileReference; lastKnownFileType = text.plist.strings; name = en; path = en.lproj/InfoPlist.strings; sourceTree = "<group>"; };
		545C352816F26418006D9C69 /* CordovaAjaxTestTests.h */ = {isa = PBXFileReference; lastKnownFileType = sourcecode.c.h; path = CordovaAjaxTestTests.h; sourceTree = "<group>"; };
		545C352916F26418006D9C69 /* CordovaAjaxTestTests.m */ = {isa = PBXFileReference; lastKnownFileType = sourcecode.c.objc; path = CordovaAjaxTestTests.m; sourceTree = "<group>"; };
/* End PBXFileReference section */

/* Begin PBXFrameworksBuildPhase section */
		545C34F816F26418006D9C69 /* Frameworks */ = {
			isa = PBXFrameworksBuildPhase;
			buildActionMask = 2147483647;
			files = (
				545C34FF16F26418006D9C69 /* UIKit.framework in Frameworks */,
				545C350116F26418006D9C69 /* Foundation.framework in Frameworks */,
				545C350316F26418006D9C69 /* CoreGraphics.framework in Frameworks */,
			);
			runOnlyForDeploymentPostprocessing = 0;
		};
		545C351716F26418006D9C69 /* Frameworks */ = {
			isa = PBXFrameworksBuildPhase;
			buildActionMask = 2147483647;
			files = (
				545C351D16F26418006D9C69 /* SenTestingKit.framework in Frameworks */,
				545C351E16F26418006D9C69 /* UIKit.framework in Frameworks */,
				545C351F16F26418006D9C69 /* Foundation.framework in Frameworks */,
			);
			runOnlyForDeploymentPostprocessing = 0;
		};
/* End PBXFrameworksBuildPhase section */

/* Begin PBXGroup section */
		545C34F216F26418006D9C69 = {
			isa = PBXGroup;
			children = (
				545C350416F26418006D9C69 /* CordovaAjaxTest */,
				545C352216F26418006D9C69 /* CordovaAjaxTestTests */,
				545C34FD16F26418006D9C69 /* Frameworks */,
				545C34FC16F26418006D9C69 /* Products */,
			);
			sourceTree = "<group>";
		};
		545C34FC16F26418006D9C69 /* Products */ = {
			isa = PBXGroup;
			children = (
				545C34FB16F26418006D9C69 /* CordovaAjaxTest.app */,
				545C351B16F26418006D9C69 /* CordovaAjaxTestTests.octest */,
			);
			name = Products;
			sourceTree = "<group>";
		};
		545C34FD16F26418006D9C69 /* Frameworks */ = {
			isa = PBXGroup;
			children = (
				545C34FE16F26418006D9C69 /* UIKit.framework */,
				545C350016F26418006D9C69 /* Foundation.framework */,
				545C350216F26418006D9C69 /* CoreGraphics.framework */,
				545C351C16F26418006D9C69 /* SenTestingKit.framework */,
			);
			name = Frameworks;
			sourceTree = "<group>";
		};
		545C350416F26418006D9C69 /* CordovaAjaxTest */ = {
			isa = PBXGroup;
			children = (
				545C350D16F26418006D9C69 /* AppDelegate.h */,
				545C350E16F26418006D9C69 /* AppDelegate.m */,
				545C350516F26418006D9C69 /* Supporting Files */,
			);
			path = CordovaAjaxTest;
			sourceTree = "<group>";
		};
		545C350516F26418006D9C69 /* Supporting Files */ = {
			isa = PBXGroup;
			children = (
				545C350616F26418006D9C69 /* CordovaAjaxTest-Info.plist */,
				545C350716F26418006D9C69 /* InfoPlist.strings */,
				545C350A16F26418006D9C69 /* main.m */,
				545C350C16F26418006D9C69 /* CordovaAjaxTest-Prefix.pch */,
				545C351016F26418006D9C69 /* Default.png */,
				545C351216F26418006D9C69 /* Default@2x.png */,
				545C351416F26418006D9C69 /* Default-568h@2x.png */,
			);
			name = "Supporting Files";
			sourceTree = "<group>";
		};
		545C352216F26418006D9C69 /* CordovaAjaxTestTests */ = {
			isa = PBXGroup;
			children = (
				545C352816F26418006D9C69 /* CordovaAjaxTestTests.h */,
				545C352916F26418006D9C69 /* CordovaAjaxTestTests.m */,
				545C352316F26418006D9C69 /* Supporting Files */,
			);
			path = CordovaAjaxTestTests;
			sourceTree = "<group>";
		};
		545C352316F26418006D9C69 /* Supporting Files */ = {
			isa = PBXGroup;
			children = (
				545C352416F26418006D9C69 /* CordovaAjaxTestTests-Info.plist */,
				545C352516F26418006D9C69 /* InfoPlist.strings */,
			);
			name = "Supporting Files";
			sourceTree = "<group>";
		};
/* End PBXGroup section */

/* Begin PBXNativeTarget section */
		545C34FA16F26418006D9C69 /* CordovaAjaxTest */ = {
			isa = PBXNativeTarget;
			buildConfigurationList = 545C352D16F26418006D9C69 /* Build configuration list for PBXNativeTarget "CordovaAjaxTest" */;
			buildPhases = (
				545C34F716F26418006D9C69 /* Sources */,
				545C34F816F26418006D9C69 /* Frameworks */,
				545C34F916F26418006D9C69 /* Resources */,
			);
			buildRules = (
			);
			dependencies = (
			);
			name = CordovaAjaxTest;
			productName = CordovaAjaxTest;
			productReference = 545C34FB16F26418006D9C69 /* CordovaAjaxTest.app */;
			productType = "com.apple.product-type.application";
		};
		545C351A16F26418006D9C69 /* CordovaAjaxTestTests */ = {
			isa = PBXNativeTarget;
			buildConfigurationList = 545C353016F26418006D9C69 /* Build configuration list for PBXNativeTarget "CordovaAjaxTestTests" */;
			buildPhases = (
				545C351616F26418006D9C69 /* Sources */,
				545C351716F26418006D9C69 /* Frameworks */,
				545C351816F26418006D9C69 /* Resources */,
				545C351916F26418006D9C69 /* ShellScript */,
			);
			buildRules = (
			);
			dependencies = (
				545C352116F26418006D9C69 /* PBXTargetDependency */,
			);
			name = CordovaAjaxTestTests;
			productName = CordovaAjaxTestTests;
			productReference = 545C351B16F26418006D9C69 /* CordovaAjaxTestTests.octest */;
			productType = "com.apple.product-type.bundle";
		};
/* End PBXNativeTarget section */

/* Begin PBXProject section */
		545C34F316F26418006D9C69 /* Project object */ = {
			isa = PBXProject;
			attributes = {
				LastUpgradeCheck = 0460;
			};
			buildConfigurationList = 545C34F616F26418006D9C69 /* Build configuration list for PBXProject "CordovaAjaxTest" */;
			compatibilityVersion = "Xcode 3.2";
			developmentRegion = English;
			hasScannedForEncodings = 0;
			knownRegions = (
				en,
			);
			mainGroup = 545C34F216F26418006D9C69;
			productRefGroup = 545C34FC16F26418006D9C69 /* Products */;
			projectDirPath = "";
			projectRoot = "";
			targets = (
				545C34FA16F26418006D9C69 /* CordovaAjaxTest */,
				545C351A16F26418006D9C69 /* CordovaAjaxTestTests */,
			);
		};
/* End PBXProject section */

/* Begin PBXResourcesBuildPhase section */
		545C34F916F26418006D9C69 /* Resources */ = {
			isa = PBXResourcesBuildPhase;
			buildActionMask = 2147483647;
			files = (
				545C350916F26418006D9C69 /* InfoPlist.strings in Resources */,
				545C351116F26418006D9C69 /* Default.png in Resources */,
				545C351316F26418006D9C69 /* Default@2x.png in Resources */,
				545C351516F26418006D9C69 /* Default-568h@2x.png in Resources */,
			);
			runOnlyForDeploymentPostprocessing = 0;
		};
		545C351816F26418006D9C69 /* Resources */ = {
			isa = PBXResourcesBuildPhase;
			buildActionMask = 2147483647;
			files = (
				545C352716F26418006D9C69 /* InfoPlist.strings in Resources */,
			);
			runOnlyForDeploymentPostprocessing = 0;
		};
/* End PBXResourcesBuildPhase section */

/* Begin PBXShellScriptBuildPhase section */
		545C351916F26418006D9C69 /* ShellScript */ = {
			isa = PBXShellScriptBuildPhase;
			buildActionMask = 2147483647;
			files = (
			);
			inputPaths = (
			);
			outputPaths = (
			);
			runOnlyForDeploymentPostprocessing = 0;
			shellPath = /bin/sh;
			shellScript = "# Run the unit tests in this test bundle.\n\"${SYSTEM_DEVELOPER_DIR}/Tools/RunUnitTests\"\n";
		};
/* End PBXShellScriptBuildPhase section */

/* Begin PBXSourcesBuildPhase section */
		545C34F716F26418006D9C69 /* Sources */ = {
			isa = PBXSourcesBuildPhase;
			buildActionMask = 2147483647;
			files = (
				545C350B16F26418006D9C69 /* main.m in Sources */,
				545C350F16F26418006D9C69 /* AppDelegate.m in Sources */,
			);
			runOnlyForDeploymentPostprocessing = 0;
		};
		545C351616F26418006D9C69 /* Sources */ = {
			isa = PBXSourcesBuildPhase;
			buildActionMask = 2147483647;
			files = (
				545C352A16F26418006D9C69 /* CordovaAjaxTestTests.m in Sources */,
			);
			runOnlyForDeploymentPostprocessing = 0;
		};
/* End PBXSourcesBuildPhase section */

/* Begin PBXTargetDependency section */
		545C352116F26418006D9C69 /* PBXTargetDependency */ = {
			isa = PBXTargetDependency;
			target = 545C34FA16F26418006D9C69 /* CordovaAjaxTest */;
			targetProxy = 545C352016F26418006D9C69 /* PBXContainerItemProxy */;
		};
/* End PBXTargetDependency section */

/* Begin PBXVariantGroup section */
		545C350716F26418006D9C69 /* InfoPlist.strings */ = {
			isa = PBXVariantGroup;
			children = (
				545C350816F26418006D9C69 /* en */,
			);
			name = InfoPlist.strings;
			sourceTree = "<group>";
		};
		545C352516F26418006D9C69 /* InfoPlist.strings */ = {
			isa = PBXVariantGroup;
			children = (
				545C352616F26418006D9C69 /* en */,
			);
			name = InfoPlist.strings;
			sourceTree = "<group>";
		};
/* End PBXVariantGroup section */

/* Begin XCBuildConfiguration section */
		545C352B16F26418006D9C69 /* Debug */ = {
			isa = XCBuildConfiguration;
			buildSettings = {
				ALWAYS_SEARCH_USER_PATHS = NO;
				CLANG_CXX_LANGUAGE_STANDARD = "gnu++0x";
				CLANG_CXX_LIBRARY = "libc++";
				CLANG_ENABLE_OBJC_ARC = YES;
				CLANG_WARN_CONSTANT_CONVERSION = YES;
				CLANG_WARN_EMPTY_BODY = YES;
				CLANG_WARN_ENUM_CONVERSION = YES;
				CLANG_WARN_INT_CONVERSION = YES;
				CLANG_WARN__DUPLICATE_METHOD_MATCH = YES;
				"CODE_SIGN_IDENTITY[sdk=iphoneos*]" = "iPhone Developer";
				COPY_PHASE_STRIP = NO;
				GCC_C_LANGUAGE_STANDARD = gnu99;
				GCC_DYNAMIC_NO_PIC = NO;
				GCC_OPTIMIZATION_LEVEL = 0;
				GCC_PREPROCESSOR_DEFINITIONS = (
					"DEBUG=1",
					"$(inherited)",
				);
				GCC_SYMBOLS_PRIVATE_EXTERN = NO;
				GCC_WARN_ABOUT_RETURN_TYPE = YES;
				GCC_WARN_UNINITIALIZED_AUTOS = YES;
				GCC_WARN_UNUSED_VARIABLE = YES;
				IPHONEOS_DEPLOYMENT_TARGET = 6.1;
				ONLY_ACTIVE_ARCH = YES;
				SDKROOT = iphoneos;
				TARGETED_DEVICE_FAMILY = "1,2";
			};
			name = Debug;
		};
		545C352C16F26418006D9C69 /* Release */ = {
			isa = XCBuildConfiguration;
			buildSettings = {
				ALWAYS_SEARCH_USER_PATHS = NO;
				CLANG_CXX_LANGUAGE_STANDARD = "gnu++0x";
				CLANG_CXX_LIBRARY = "libc++";
				CLANG_ENABLE_OBJC_ARC = YES;
				CLANG_WARN_CONSTANT_CONVERSION = YES;
				CLANG_WARN_EMPTY_BODY = YES;
				CLANG_WARN_ENUM_CONVERSION = YES;
				CLANG_WARN_INT_CONVERSION = YES;
				CLANG_WARN__DUPLICATE_METHOD_MATCH = YES;
				"CODE_SIGN_IDENTITY[sdk=iphoneos*]" = "iPhone Developer";
				COPY_PHASE_STRIP = YES;
				GCC_C_LANGUAGE_STANDARD = gnu99;
				GCC_WARN_ABOUT_RETURN_TYPE = YES;
				GCC_WARN_UNINITIALIZED_AUTOS = YES;
				GCC_WARN_UNUSED_VARIABLE = YES;
				IPHONEOS_DEPLOYMENT_TARGET = 6.1;
				OTHER_CFLAGS = "-DNS_BLOCK_ASSERTIONS=1";
				SDKROOT = iphoneos;
				TARGETED_DEVICE_FAMILY = "1,2";
				VALIDATE_PRODUCT = YES;
			};
			name = Release;
		};
		545C352E16F26418006D9C69 /* Debug */ = {
			isa = XCBuildConfiguration;
			buildSettings = {
				GCC_PRECOMPILE_PREFIX_HEADER = YES;
				GCC_PREFIX_HEADER = "CordovaAjaxTest/CordovaAjaxTest-Prefix.pch";
				INFOPLIST_FILE = "CordovaAjaxTest/CordovaAjaxTest-Info.plist";
				PRODUCT_NAME = "$(TARGET_NAME)";
				WRAPPER_EXTENSION = app;
			};
			name = Debug;
		};
		545C352F16F26418006D9C69 /* Release */ = {
			isa = XCBuildConfiguration;
			buildSettings = {
				GCC_PRECOMPILE_PREFIX_HEADER = YES;
				GCC_PREFIX_HEADER = "CordovaAjaxTest/CordovaAjaxTest-Prefix.pch";
				INFOPLIST_FILE = "CordovaAjaxTest/CordovaAjaxTest-Info.plist";
				PRODUCT_NAME = "$(TARGET_NAME)";
				WRAPPER_EXTENSION = app;
			};
			name = Release;
		};
		545C353116F26418006D9C69 /* Debug */ = {
			isa = XCBuildConfiguration;
			buildSettings = {
				BUNDLE_LOADER = "$(BUILT_PRODUCTS_DIR)/CordovaAjaxTest.app/CordovaAjaxTest";
				FRAMEWORK_SEARCH_PATHS = (
					"\"$(SDKROOT)/Developer/Library/Frameworks\"",
					"\"$(DEVELOPER_LIBRARY_DIR)/Frameworks\"",
				);
				GCC_PRECOMPILE_PREFIX_HEADER = YES;
				GCC_PREFIX_HEADER = "CordovaAjaxTest/CordovaAjaxTest-Prefix.pch";
				INFOPLIST_FILE = "CordovaAjaxTestTests/CordovaAjaxTestTests-Info.plist";
				PRODUCT_NAME = "$(TARGET_NAME)";
				TEST_HOST = "$(BUNDLE_LOADER)";
				WRAPPER_EXTENSION = octest;
			};
			name = Debug;
		};
		545C353216F26418006D9C69 /* Release */ = {
			isa = XCBuildConfiguration;
			buildSettings = {
				BUNDLE_LOADER = "$(BUILT_PRODUCTS_DIR)/CordovaAjaxTest.app/CordovaAjaxTest";
				FRAMEWORK_SEARCH_PATHS = (
					"\"$(SDKROOT)/Developer/Library/Frameworks\"",
					"\"$(DEVELOPER_LIBRARY_DIR)/Frameworks\"",
				);
				GCC_PRECOMPILE_PREFIX_HEADER = YES;
				GCC_PREFIX_HEADER = "CordovaAjaxTest/CordovaAjaxTest-Prefix.pch";
				INFOPLIST_FILE = "CordovaAjaxTestTests/CordovaAjaxTestTests-Info.plist";
				PRODUCT_NAME = "$(TARGET_NAME)";
				TEST_HOST = "$(BUNDLE_LOADER)";
				WRAPPER_EXTENSION = octest;
			};
			name = Release;
		};
/* End XCBuildConfiguration section */

/* Begin XCConfigurationList section */
		545C34F616F26418006D9C69 /* Build configuration list for PBXProject "CordovaAjaxTest" */ = {
			isa = XCConfigurationList;
			buildConfigurations = (
				545C352B16F26418006D9C69 /* Debug */,
				545C352C16F26418006D9C69 /* Release */,
			);
			defaultConfigurationIsVisible = 0;
			defaultConfigurationName = Release;
		};
		545C352D16F26418006D9C69 /* Build configuration list for PBXNativeTarget "CordovaAjaxTest" */ = {
			isa = XCConfigurationList;
			buildConfigurations = (
				545C352E16F26418006D9C69 /* Debug */,
				545C352F16F26418006D9C69 /* Release */,
			);
			defaultConfigurationIsVisible = 0;
		};
		545C353016F26418006D9C69 /* Build configuration list for PBXNativeTarget "CordovaAjaxTestTests" */ = {
			isa = XCConfigurationList;
			buildConfigurations = (
				545C353116F26418006D9C69 /* Debug */,
				545C353216F26418006D9C69 /* Release */,
			);
			defaultConfigurationIsVisible = 0;
		};
/* End XCConfigurationList section */
	};
	rootObject = 545C34F316F26418006D9C69 /* Project object */;
}
